// !$*UTF8*$!
{
	archiveVersion = 1;
	classes = {
	};
	objectVersion = 46;
	objects = {

/* Begin PBXBuildFile section */
		733C6C43379BC638C1A5C262 /* libPods-DBeat.a in Frameworks */ = {isa = PBXBuildFile; fileRef = 744D2303A9F514FCA296BF92 /* libPods-DBeat.a */; };
		EC09A4891E31D86100C659FF /* main.m in Sources */ = {isa = PBXBuildFile; fileRef = EC09A4881E31D86100C659FF /* main.m */; };
		EC09A48C1E31D86100C659FF /* AppDelegate.m in Sources */ = {isa = PBXBuildFile; fileRef = EC09A48B1E31D86100C659FF /* AppDelegate.m */; };
		EC09A48F1E31D86100C659FF /* ViewController.m in Sources */ = {isa = PBXBuildFile; fileRef = EC09A48E1E31D86100C659FF /* ViewController.m */; };
		EC09A4921E31D86100C659FF /* Main.storyboard in Resources */ = {isa = PBXBuildFile; fileRef = EC09A4901E31D86100C659FF /* Main.storyboard */; };
		EC09A4941E31D86100C659FF /* Assets.xcassets in Resources */ = {isa = PBXBuildFile; fileRef = EC09A4931E31D86100C659FF /* Assets.xcassets */; };
		EC09A4971E31D86100C659FF /* LaunchScreen.storyboard in Resources */ = {isa = PBXBuildFile; fileRef = EC09A4951E31D86100C659FF /* LaunchScreen.storyboard */; };
		EC09A4A21E31DA4000C659FF /* AudioPlayer.m in Sources */ = {isa = PBXBuildFile; fileRef = EC09A4A11E31DA4000C659FF /* AudioPlayer.m */; };
		EC09A4A41E31DB3400C659FF /* Not_Afraid.mp3 in Resources */ = {isa = PBXBuildFile; fileRef = EC09A4A31E31DB3400C659FF /* Not_Afraid.mp3 */; };
		EC09A4A81E31DD9F00C659FF /* HueSDK_iOS.framework in Frameworks */ = {isa = PBXBuildFile; fileRef = EC09A4A71E31DD9F00C659FF /* HueSDK_iOS.framework */; };
/* End PBXBuildFile section */

/* Begin PBXFileReference section */
		4A23F2FE19C77293E6C870B9 /* Pods-DBeat.release.xcconfig */ = {isa = PBXFileReference; includeInIndex = 1; lastKnownFileType = text.xcconfig; name = "Pods-DBeat.release.xcconfig"; path = "Pods/Target Support Files/Pods-DBeat/Pods-DBeat.release.xcconfig"; sourceTree = "<group>"; };
		744D2303A9F514FCA296BF92 /* libPods-DBeat.a */ = {isa = PBXFileReference; explicitFileType = archive.ar; includeInIndex = 0; path = "libPods-DBeat.a"; sourceTree = BUILT_PRODUCTS_DIR; };
		BE4BC9C19E301B156F22BDEA /* Pods-DBeat.debug.xcconfig */ = {isa = PBXFileReference; includeInIndex = 1; lastKnownFileType = text.xcconfig; name = "Pods-DBeat.debug.xcconfig"; path = "Pods/Target Support Files/Pods-DBeat/Pods-DBeat.debug.xcconfig"; sourceTree = "<group>"; };
		EC09A4841E31D86100C659FF /* DBeat.app */ = {isa = PBXFileReference; explicitFileType = wrapper.application; includeInIndex = 0; path = DBeat.app; sourceTree = BUILT_PRODUCTS_DIR; };
		EC09A4881E31D86100C659FF /* main.m */ = {isa = PBXFileReference; lastKnownFileType = sourcecode.c.objc; path = main.m; sourceTree = "<group>"; };
		EC09A48A1E31D86100C659FF /* AppDelegate.h */ = {isa = PBXFileReference; lastKnownFileType = sourcecode.c.h; path = AppDelegate.h; sourceTree = "<group>"; };
		EC09A48B1E31D86100C659FF /* AppDelegate.m */ = {isa = PBXFileReference; lastKnownFileType = sourcecode.c.objc; path = AppDelegate.m; sourceTree = "<group>"; };
		EC09A48D1E31D86100C659FF /* ViewController.h */ = {isa = PBXFileReference; lastKnownFileType = sourcecode.c.h; path = ViewController.h; sourceTree = "<group>"; };
		EC09A48E1E31D86100C659FF /* ViewController.m */ = {isa = PBXFileReference; lastKnownFileType = sourcecode.c.objc; path = ViewController.m; sourceTree = "<group>"; };
		EC09A4911E31D86100C659FF /* Base */ = {isa = PBXFileReference; lastKnownFileType = file.storyboard; name = Base; path = Base.lproj/Main.storyboard; sourceTree = "<group>"; };
		EC09A4931E31D86100C659FF /* Assets.xcassets */ = {isa = PBXFileReference; lastKnownFileType = folder.assetcatalog; path = Assets.xcassets; sourceTree = "<group>"; };
		EC09A4961E31D86100C659FF /* Base */ = {isa = PBXFileReference; lastKnownFileType = file.storyboard; name = Base; path = Base.lproj/LaunchScreen.storyboard; sourceTree = "<group>"; };
		EC09A4981E31D86100C659FF /* Info.plist */ = {isa = PBXFileReference; lastKnownFileType = text.plist.xml; path = Info.plist; sourceTree = "<group>"; };
		EC09A4A01E31DA4000C659FF /* AudioPlayer.h */ = {isa = PBXFileReference; fileEncoding = 4; lastKnownFileType = sourcecode.c.h; path = AudioPlayer.h; sourceTree = "<group>"; };
		EC09A4A11E31DA4000C659FF /* AudioPlayer.m */ = {isa = PBXFileReference; fileEncoding = 4; lastKnownFileType = sourcecode.c.objc; path = AudioPlayer.m; sourceTree = "<group>"; };
		EC09A4A31E31DB3400C659FF /* Not_Afraid.mp3 */ = {isa = PBXFileReference; lastKnownFileType = audio.mp3; path = Not_Afraid.mp3; sourceTree = "<group>"; };
		EC09A4A71E31DD9F00C659FF /* HueSDK_iOS.framework */ = {isa = PBXFileReference; lastKnownFileType = wrapper.framework; name = HueSDK_iOS.framework; path = DBeat/HueSDK_iOS.framework; sourceTree = "<group>"; };
/* End PBXFileReference section */

/* Begin PBXFrameworksBuildPhase section */
		EC09A4811E31D86100C659FF /* Frameworks */ = {
			isa = PBXFrameworksBuildPhase;
			buildActionMask = 2147483647;
			files = (
				EC09A4A81E31DD9F00C659FF /* HueSDK_iOS.framework in Frameworks */,
				733C6C43379BC638C1A5C262 /* libPods-DBeat.a in Frameworks */,
			);
			runOnlyForDeploymentPostprocessing = 0;
		};
/* End PBXFrameworksBuildPhase section */

/* Begin PBXGroup section */
		885424EEAEF718C66513D91F /* Pods */ = {
			isa = PBXGroup;
			children = (
				BE4BC9C19E301B156F22BDEA /* Pods-DBeat.debug.xcconfig */,
				4A23F2FE19C77293E6C870B9 /* Pods-DBeat.release.xcconfig */,
			);
			name = Pods;
			sourceTree = "<group>";
		};
		B27AD48C812317694710D997 /* Frameworks */ = {
			isa = PBXGroup;
			children = (
				EC09A4A71E31DD9F00C659FF /* HueSDK_iOS.framework */,
				744D2303A9F514FCA296BF92 /* libPods-DBeat.a */,
			);
			name = Frameworks;
			sourceTree = "<group>";
		};
		EC09A47B1E31D86100C659FF = {
			isa = PBXGroup;
			children = (
				EC09A4861E31D86100C659FF /* DBeat */,
				EC09A4851E31D86100C659FF /* Products */,
				885424EEAEF718C66513D91F /* Pods */,
				B27AD48C812317694710D997 /* Frameworks */,
			);
			sourceTree = "<group>";
		};
		EC09A4851E31D86100C659FF /* Products */ = {
			isa = PBXGroup;
			children = (
				EC09A4841E31D86100C659FF /* DBeat.app */,
			);
			name = Products;
			sourceTree = "<group>";
		};
		EC09A4861E31D86100C659FF /* DBeat */ = {
			isa = PBXGroup;
			children = (
				EC09A49E1E31D97D00C659FF /* AudioLayer */,
				EC09A49F1E31D97D00C659FF /* LightLayer */,
				EC09A48A1E31D86100C659FF /* AppDelegate.h */,
				EC09A48B1E31D86100C659FF /* AppDelegate.m */,
				EC09A48D1E31D86100C659FF /* ViewController.h */,
				EC09A48E1E31D86100C659FF /* ViewController.m */,
				EC09A4901E31D86100C659FF /* Main.storyboard */,
				EC09A4931E31D86100C659FF /* Assets.xcassets */,
				EC09A4951E31D86100C659FF /* LaunchScreen.storyboard */,
				EC09A4981E31D86100C659FF /* Info.plist */,
				EC09A4871E31D86100C659FF /* Supporting Files */,
			);
			path = DBeat;
			sourceTree = "<group>";
		};
		EC09A4871E31D86100C659FF /* Supporting Files */ = {
			isa = PBXGroup;
			children = (
				EC09A4A31E31DB3400C659FF /* Not_Afraid.mp3 */,
				EC09A4881E31D86100C659FF /* main.m */,
			);
			name = "Supporting Files";
			sourceTree = "<group>";
		};
		EC09A49E1E31D97D00C659FF /* AudioLayer */ = {
			isa = PBXGroup;
			children = (
				EC09A4A01E31DA4000C659FF /* AudioPlayer.h */,
				EC09A4A11E31DA4000C659FF /* AudioPlayer.m */,
			);
			path = AudioLayer;
			sourceTree = "<group>";
		};
		EC09A49F1E31D97D00C659FF /* LightLayer */ = {
			isa = PBXGroup;
			children = (
			);
			path = LightLayer;
			sourceTree = "<group>";
		};
/* End PBXGroup section */

/* Begin PBXNativeTarget section */
		EC09A4831E31D86100C659FF /* DBeat */ = {
			isa = PBXNativeTarget;
			buildConfigurationList = EC09A49B1E31D86100C659FF /* Build configuration list for PBXNativeTarget "DBeat" */;
			buildPhases = (
				ADDDB855FAC3180F1D90858C /* [CP] Check Pods Manifest.lock */,
				EC09A4801E31D86100C659FF /* Sources */,
				EC09A4811E31D86100C659FF /* Frameworks */,
				EC09A4821E31D86100C659FF /* Resources */,
				E610FBBD9C4E356258AD0C88 /* [CP] Embed Pods Frameworks */,
				4D77FC204EE4CDFF601DAE94 /* [CP] Copy Pods Resources */,
			);
			buildRules = (
			);
			dependencies = (
			);
			name = DBeat;
			productName = DBeat;
			productReference = EC09A4841E31D86100C659FF /* DBeat.app */;
			productType = "com.apple.product-type.application";
		};
/* End PBXNativeTarget section */

/* Begin PBXProject section */
		EC09A47C1E31D86100C659FF /* Project object */ = {
			isa = PBXProject;
			attributes = {
				LastUpgradeCheck = 0800;
				ORGANIZATIONNAME = DMI;
				TargetAttributes = {
					EC09A4831E31D86100C659FF = {
						CreatedOnToolsVersion = 8.0;
						ProvisioningStyle = Automatic;
					};
				};
			};
			buildConfigurationList = EC09A47F1E31D86100C659FF /* Build configuration list for PBXProject "DBeat" */;
			compatibilityVersion = "Xcode 3.2";
			developmentRegion = English;
			hasScannedForEncodings = 0;
			knownRegions = (
				en,
				Base,
			);
			mainGroup = EC09A47B1E31D86100C659FF;
			productRefGroup = EC09A4851E31D86100C659FF /* Products */;
			projectDirPath = "";
			projectRoot = "";
			targets = (
				EC09A4831E31D86100C659FF /* DBeat */,
			);
		};
/* End PBXProject section */

/* Begin PBXResourcesBuildPhase section */
		EC09A4821E31D86100C659FF /* Resources */ = {
			isa = PBXResourcesBuildPhase;
			buildActionMask = 2147483647;
			files = (
				EC09A4971E31D86100C659FF /* LaunchScreen.storyboard in Resources */,
				EC09A4941E31D86100C659FF /* Assets.xcassets in Resources */,
				EC09A4921E31D86100C659FF /* Main.storyboard in Resources */,
				EC09A4A41E31DB3400C659FF /* Not_Afraid.mp3 in Resources */,
			);
			runOnlyForDeploymentPostprocessing = 0;
		};
/* End PBXResourcesBuildPhase section */

/* Begin PBXShellScriptBuildPhase section */
		4D77FC204EE4CDFF601DAE94 /* [CP] Copy Pods Resources */ = {
			isa = PBXShellScriptBuildPhase;
			buildActionMask = 2147483647;
			files = (
			);
			inputPaths = (
			);
			name = "[CP] Copy Pods Resources";
			outputPaths = (
			);
			runOnlyForDeploymentPostprocessing = 0;
			shellPath = /bin/sh;
			shellScript = "\"${SRCROOT}/Pods/Target Support Files/Pods-DBeat/Pods-DBeat-resources.sh\"\n";
			showEnvVarsInLog = 0;
		};
		ADDDB855FAC3180F1D90858C /* [CP] Check Pods Manifest.lock */ = {
			isa = PBXShellScriptBuildPhase;
			buildActionMask = 2147483647;
			files = (
			);
			inputPaths = (
			);
			name = "[CP] Check Pods Manifest.lock";
			outputPaths = (
			);
			runOnlyForDeploymentPostprocessing = 0;
			shellPath = /bin/sh;
			shellScript = "diff \"${PODS_ROOT}/../Podfile.lock\" \"${PODS_ROOT}/Manifest.lock\" > /dev/null\nif [[ $? != 0 ]] ; then\n    cat << EOM\nerror: The sandbox is not in sync with the Podfile.lock. Run 'pod install' or update your CocoaPods installation.\nEOM\n    exit 1\nfi\n";
			showEnvVarsInLog = 0;
		};
		E610FBBD9C4E356258AD0C88 /* [CP] Embed Pods Frameworks */ = {
			isa = PBXShellScriptBuildPhase;
			buildActionMask = 2147483647;
			files = (
			);
			inputPaths = (
			);
			name = "[CP] Embed Pods Frameworks";
			outputPaths = (
			);
			runOnlyForDeploymentPostprocessing = 0;
			shellPath = /bin/sh;
			shellScript = "\"${SRCROOT}/Pods/Target Support Files/Pods-DBeat/Pods-DBeat-frameworks.sh\"\n";
			showEnvVarsInLog = 0;
		};
/* End PBXShellScriptBuildPhase section */

/* Begin PBXSourcesBuildPhase section */
		EC09A4801E31D86100C659FF /* Sources */ = {
			isa = PBXSourcesBuildPhase;
			buildActionMask = 2147483647;
			files = (
				EC09A48F1E31D86100C659FF /* ViewController.m in Sources */,
				EC09A48C1E31D86100C659FF /* AppDelegate.m in Sources */,
				EC09A4891E31D86100C659FF /* main.m in Sources */,
				EC09A4A21E31DA4000C659FF /* AudioPlayer.m in Sources */,
			);
			runOnlyForDeploymentPostprocessing = 0;
		};
/* End PBXSourcesBuildPhase section */

/* Begin PBXVariantGroup section */
		EC09A4901E31D86100C659FF /* Main.storyboard */ = {
			isa = PBXVariantGroup;
			children = (
				EC09A4911E31D86100C659FF /* Base */,
			);
			name = Main.storyboard;
			sourceTree = "<group>";
		};
		EC09A4951E31D86100C659FF /* LaunchScreen.storyboard */ = {
			isa = PBXVariantGroup;
			children = (
				EC09A4961E31D86100C659FF /* Base */,
			);
			name = LaunchScreen.storyboard;
			sourceTree = "<group>";
		};
/* End PBXVariantGroup section */

/* Begin XCBuildConfiguration section */
		EC09A4991E31D86100C659FF /* Debug */ = {
			isa = XCBuildConfiguration;
			buildSettings = {
				ALWAYS_SEARCH_USER_PATHS = NO;
				CLANG_ANALYZER_NONNULL = YES;
				CLANG_CXX_LANGUAGE_STANDARD = "gnu++0x";
				CLANG_CXX_LIBRARY = "libc++";
				CLANG_ENABLE_MODULES = YES;
				CLANG_ENABLE_OBJC_ARC = YES;
				CLANG_WARN_BOOL_CONVERSION = YES;
				CLANG_WARN_CONSTANT_CONVERSION = YES;
				CLANG_WARN_DIRECT_OBJC_ISA_USAGE = YES_ERROR;
				CLANG_WARN_DOCUMENTATION_COMMENTS = YES;
				CLANG_WARN_EMPTY_BODY = YES;
				CLANG_WARN_ENUM_CONVERSION = YES;
				CLANG_WARN_INFINITE_RECURSION = YES;
				CLANG_WARN_INT_CONVERSION = YES;
				CLANG_WARN_OBJC_ROOT_CLASS = YES_ERROR;
				CLANG_WARN_SUSPICIOUS_MOVES = YES;
				CLANG_WARN_UNREACHABLE_CODE = YES;
				CLANG_WARN__DUPLICATE_METHOD_MATCH = YES;
				"CODE_SIGN_IDENTITY[sdk=iphoneos*]" = "iPhone Developer";
				COPY_PHASE_STRIP = NO;
				DEBUG_INFORMATION_FORMAT = dwarf;
				ENABLE_STRICT_OBJC_MSGSEND = YES;
				ENABLE_TESTABILITY = YES;
				GCC_C_LANGUAGE_STANDARD = gnu99;
				GCC_DYNAMIC_NO_PIC = NO;
				GCC_NO_COMMON_BLOCKS = YES;
				GCC_OPTIMIZATION_LEVEL = 0;
				GCC_PREPROCESSOR_DEFINITIONS = (
					"DEBUG=1",
					"$(inherited)",
				);
				GCC_WARN_64_TO_32_BIT_CONVERSION = YES;
				GCC_WARN_ABOUT_RETURN_TYPE = YES_ERROR;
				GCC_WARN_UNDECLARED_SELECTOR = YES;
				GCC_WARN_UNINITIALIZED_AUTOS = YES_AGGRESSIVE;
				GCC_WARN_UNUSED_FUNCTION = YES;
				GCC_WARN_UNUSED_VARIABLE = YES;
				IPHONEOS_DEPLOYMENT_TARGET = 10.0;
				MTL_ENABLE_DEBUG_INFO = YES;
				ONLY_ACTIVE_ARCH = YES;
				SDKROOT = iphoneos;
			};
			name = Debug;
		};
		EC09A49A1E31D86100C659FF /* Release */ = {
			isa = XCBuildConfiguration;
			buildSettings = {
				ALWAYS_SEARCH_USER_PATHS = NO;
				CLANG_ANALYZER_NONNULL = YES;
				CLANG_CXX_LANGUAGE_STANDARD = "gnu++0x";
				CLANG_CXX_LIBRARY = "libc++";
				CLANG_ENABLE_MODULES = YES;
				CLANG_ENABLE_OBJC_ARC = YES;
				CLANG_WARN_BOOL_CONVERSION = YES;
				CLANG_WARN_CONSTANT_CONVERSION = YES;
				CLANG_WARN_DIRECT_OBJC_ISA_USAGE = YES_ERROR;
				CLANG_WARN_DOCUMENTATION_COMMENTS = YES;
				CLANG_WARN_EMPTY_BODY = YES;
				CLANG_WARN_ENUM_CONVERSION = YES;
				CLANG_WARN_INFINITE_RECURSION = YES;
				CLANG_WARN_INT_CONVERSION = YES;
				CLANG_WARN_OBJC_ROOT_CLASS = YES_ERROR;
				CLANG_WARN_SUSPICIOUS_MOVES = YES;
				CLANG_WARN_UNREACHABLE_CODE = YES;
				CLANG_WARN__DUPLICATE_METHOD_MATCH = YES;
				"CODE_SIGN_IDENTITY[sdk=iphoneos*]" = "iPhone Developer";
				COPY_PHASE_STRIP = NO;
				DEBUG_INFORMATION_FORMAT = "dwarf-with-dsym";
				ENABLE_NS_ASSERTIONS = NO;
				ENABLE_STRICT_OBJC_MSGSEND = YES;
				GCC_C_LANGUAGE_STANDARD = gnu99;
				GCC_NO_COMMON_BLOCKS = YES;
				GCC_WARN_64_TO_32_BIT_CONVERSION = YES;
				GCC_WARN_ABOUT_RETURN_TYPE = YES_ERROR;
				GCC_WARN_UNDECLARED_SELECTOR = YES;
				GCC_WARN_UNINITIALIZED_AUTOS = YES_AGGRESSIVE;
				GCC_WARN_UNUSED_FUNCTION = YES;
				GCC_WARN_UNUSED_VARIABLE = YES;
				IPHONEOS_DEPLOYMENT_TARGET = 10.0;
				MTL_ENABLE_DEBUG_INFO = NO;
				SDKROOT = iphoneos;
				VALIDATE_PRODUCT = YES;
			};
			name = Release;
		};
		EC09A49C1E31D86100C659FF /* Debug */ = {
			isa = XCBuildConfiguration;
			baseConfigurationReference = BE4BC9C19E301B156F22BDEA /* Pods-DBeat.debug.xcconfig */;
			buildSettings = {
				ASSETCATALOG_COMPILER_APPICON_NAME = AppIcon;
				FRAMEWORK_SEARCH_PATHS = (
					"$(inherited)",
					"$(PROJECT_DIR)/DBeat",
				);
				INFOPLIST_FILE = DBeat/Info.plist;
				LD_RUNPATH_SEARCH_PATHS = "$(inherited) @executable_path/Frameworks";
				PRODUCT_BUNDLE_IDENTIFIER = com.local.yogesh.DBeat;
				PRODUCT_NAME = "$(TARGET_NAME)";
			};
			name = Debug;
		};
		EC09A49D1E31D86100C659FF /* Release */ = {
			isa = XCBuildConfiguration;
			baseConfigurationReference = 4A23F2FE19C77293E6C870B9 /* Pods-DBeat.release.xcconfig */;
			buildSettings = {
				ASSETCATALOG_COMPILER_APPICON_NAME = AppIcon;
				FRAMEWORK_SEARCH_PATHS = (
					"$(inherited)",
					"$(PROJECT_DIR)/DBeat",
				);
				INFOPLIST_FILE = DBeat/Info.plist;
				LD_RUNPATH_SEARCH_PATHS = "$(inherited) @executable_path/Frameworks";
				PRODUCT_BUNDLE_IDENTIFIER = com.local.yogesh.DBeat;
				PRODUCT_NAME = "$(TARGET_NAME)";
			};
			name = Release;
		};
/* End XCBuildConfiguration section */

/* Begin XCConfigurationList section */
		EC09A47F1E31D86100C659FF /* Build configuration list for PBXProject "DBeat" */ = {
			isa = XCConfigurationList;
			buildConfigurations = (
				EC09A4991E31D86100C659FF /* Debug */,
				EC09A49A1E31D86100C659FF /* Release */,
			);
			defaultConfigurationIsVisible = 0;
			defaultConfigurationName = Release;
		};
		EC09A49B1E31D86100C659FF /* Build configuration list for PBXNativeTarget "DBeat" */ = {
			isa = XCConfigurationList;
			buildConfigurations = (
				EC09A49C1E31D86100C659FF /* Debug */,
				EC09A49D1E31D86100C659FF /* Release */,
			);
			defaultConfigurationIsVisible = 0;
			defaultConfigurationName = Release;
		};
/* End XCConfigurationList section */
	};
	rootObject = EC09A47C1E31D86100C659FF /* Project object */;
}
